<Solution>
  <Folder Name="/01-rest/">
    <Project Path="01-rest/RestApi.csproj" />
  </Folder>
  <Folder Name="/02-graphql/">
    <Project Path="02-graphql/GraphQlApi.csproj" />
  </Folder>
  <Folder Name="/03-grpc/">
    <Project Path="03-grpc/Catalog.Client/Catalog.Client.csproj" />
    <Project Path="03-grpc/Catalog.Server/Catalog.Server.csproj" />
  </Folder>
</Solution>
